// !$*UTF8*$!
{
	archiveVersion = 1;
	classes = {
	};
	objectVersion = 56;
	objects = {

/* Begin PBXBuildFile section */
		DE1AD8F42BAF7A9A00C85A54 /* DessertApis.swift in Sources */ = {isa = PBXBuildFile; fileRef = DE1AD8F32BAF7A9A00C85A54 /* DessertApis.swift */; };
		DE1AD8F92BAF7B2F00C85A54 /* DessertDelightsDessertApis.swift in Sources */ = {isa = PBXBuildFile; fileRef = DE1AD8F82BAF7B2F00C85A54 /* DessertDelightsDessertApis.swift */; };
		DE1AD8FC2BAF7BFB00C85A54 /* DessertRepository.swift in Sources */ = {isa = PBXBuildFile; fileRef = DE1AD8FB2BAF7BFB00C85A54 /* DessertRepository.swift */; };
		DE1AD8FE2BAF7C5800C85A54 /* MainDessertRepository.swift in Sources */ = {isa = PBXBuildFile; fileRef = DE1AD8FD2BAF7C5800C85A54 /* MainDessertRepository.swift */; };
		DE1AD9002BAF802500C85A54 /* GetAllDessertsUseCase.swift in Sources */ = {isa = PBXBuildFile; fileRef = DE1AD8FF2BAF802500C85A54 /* GetAllDessertsUseCase.swift */; };
		DE1AD9022BAF80CE00C85A54 /* DessertPresentable.swift in Sources */ = {isa = PBXBuildFile; fileRef = DE1AD9012BAF80CE00C85A54 /* DessertPresentable.swift */; };
		DE1AD9052BAF86BE00C85A54 /* LoaderView.swift in Sources */ = {isa = PBXBuildFile; fileRef = DE1AD9042BAF86BE00C85A54 /* LoaderView.swift */; };
		DE1AD9072BAF877100C85A54 /* View+IfModifier.swift in Sources */ = {isa = PBXBuildFile; fileRef = DE1AD9062BAF877100C85A54 /* View+IfModifier.swift */; };
		DE1AD9092BB0AD7100C85A54 /* HomeRootViewModel_Tests.swift in Sources */ = {isa = PBXBuildFile; fileRef = DE1AD9082BB0AD7100C85A54 /* HomeRootViewModel_Tests.swift */; };
		DE3EF6952BAC474F00F3A996 /* AppDelegate.swift in Sources */ = {isa = PBXBuildFile; fileRef = DE3EF6942BAC474F00F3A996 /* AppDelegate.swift */; };
		DE3EF6992BAC475000F3A996 /* Assets.xcassets in Resources */ = {isa = PBXBuildFile; fileRef = DE3EF6982BAC475000F3A996 /* Assets.xcassets */; };
		DE3EF69C2BAC475000F3A996 /* Preview Assets.xcassets in Resources */ = {isa = PBXBuildFile; fileRef = DE3EF69B2BAC475000F3A996 /* Preview Assets.xcassets */; };
		DE3EF6A62BAC475000F3A996 /* DessertDelightsTests.swift in Sources */ = {isa = PBXBuildFile; fileRef = DE3EF6A52BAC475000F3A996 /* DessertDelightsTests.swift */; };
		DE3EF6B02BAC475000F3A996 /* DessertDelightsUITests.swift in Sources */ = {isa = PBXBuildFile; fileRef = DE3EF6AF2BAC475000F3A996 /* DessertDelightsUITests.swift */; };
		DE3EF6B22BAC475000F3A996 /* DessertDelightsUITestsLaunchTests.swift in Sources */ = {isa = PBXBuildFile; fileRef = DE3EF6B12BAC475000F3A996 /* DessertDelightsUITestsLaunchTests.swift */; };
		DE3EF6C12BAC50DE00F3A996 /* MainDependencyContainer .swift in Sources */ = {isa = PBXBuildFile; fileRef = DE3EF6C02BAC50DE00F3A996 /* MainDependencyContainer .swift */; };
		DE3EF6C32BAC513F00F3A996 /* MainNavigationController .swift in Sources */ = {isa = PBXBuildFile; fileRef = DE3EF6C22BAC513F00F3A996 /* MainNavigationController .swift */; };
		DE3EF6C52BAC514E00F3A996 /* MainViewModel .swift in Sources */ = {isa = PBXBuildFile; fileRef = DE3EF6C42BAC514E00F3A996 /* MainViewModel .swift */; };
		DE3EF6C72BAC515700F3A996 /* MainView.swift in Sources */ = {isa = PBXBuildFile; fileRef = DE3EF6C62BAC515700F3A996 /* MainView.swift */; };
		DE3EF6D42BACD1D700F3A996 /* NiblessViewController.swift in Sources */ = {isa = PBXBuildFile; fileRef = DE3EF6CF2BACD1D700F3A996 /* NiblessViewController.swift */; };
		DE3EF6D62BACD1D700F3A996 /* NiblessNavigationController.swift in Sources */ = {isa = PBXBuildFile; fileRef = DE3EF6D12BACD1D700F3A996 /* NiblessNavigationController.swift */; };
		DE3EF6DC2BAD213300F3A996 /* LaunchNavigationController.swift in Sources */ = {isa = PBXBuildFile; fileRef = DE3EF6DB2BAD213300F3A996 /* LaunchNavigationController.swift */; };
		DE3EF6DE2BAD25CA00F3A996 /* LaunchDependencyContainer.swift in Sources */ = {isa = PBXBuildFile; fileRef = DE3EF6DD2BAD25CA00F3A996 /* LaunchDependencyContainer.swift */; };
		DE3EF6E02BAD25D400F3A996 /* LaunchViewModel.swift in Sources */ = {isa = PBXBuildFile; fileRef = DE3EF6DF2BAD25D400F3A996 /* LaunchViewModel.swift */; };
		DE3EF6E22BAD25DD00F3A996 /* LaunchView.swift in Sources */ = {isa = PBXBuildFile; fileRef = DE3EF6E12BAD25DD00F3A996 /* LaunchView.swift */; };
		DE3EF6E52BAD305D00F3A996 /* LaunchRootView.swift in Sources */ = {isa = PBXBuildFile; fileRef = DE3EF6E42BAD305D00F3A996 /* LaunchRootView.swift */; };
		DE3EF6E72BAD306C00F3A996 /* LaunchRootViewModel.swift in Sources */ = {isa = PBXBuildFile; fileRef = DE3EF6E62BAD306C00F3A996 /* LaunchRootViewModel.swift */; };
		DE3EF6EA2BAD33DE00F3A996 /* UINavigationController+PopToViewController.swift in Sources */ = {isa = PBXBuildFile; fileRef = DE3EF6E92BAD33DE00F3A996 /* UINavigationController+PopToViewController.swift */; };
		DE3EF6EC2BAD33F600F3A996 /* UIView+ViewController.swift in Sources */ = {isa = PBXBuildFile; fileRef = DE3EF6EB2BAD33F600F3A996 /* UIView+ViewController.swift */; };
		DE3EF6EE2BAD341700F3A996 /* ViewControllerContainment.swift in Sources */ = {isa = PBXBuildFile; fileRef = DE3EF6ED2BAD341700F3A996 /* ViewControllerContainment.swift */; };
		DE3EF6F02BAD344B00F3A996 /* WithConfigurable.swift in Sources */ = {isa = PBXBuildFile; fileRef = DE3EF6EF2BAD344B00F3A996 /* WithConfigurable.swift */; };
		DE3EF6F22BAD346300F3A996 /* NavigationAction.swift in Sources */ = {isa = PBXBuildFile; fileRef = DE3EF6F12BAD346300F3A996 /* NavigationAction.swift */; };
		DE3EF6F72BADD68900F3A996 /* HomeNavigationController.swift in Sources */ = {isa = PBXBuildFile; fileRef = DE3EF6F62BADD68900F3A996 /* HomeNavigationController.swift */; };
		DE3EF6F92BADD69700F3A996 /* HomeDependencyContainer.swift in Sources */ = {isa = PBXBuildFile; fileRef = DE3EF6F82BADD69700F3A996 /* HomeDependencyContainer.swift */; };
		DE3EF6FB2BADD6A100F3A996 /* HomeViewModel.swift in Sources */ = {isa = PBXBuildFile; fileRef = DE3EF6FA2BADD6A100F3A996 /* HomeViewModel.swift */; };
		DE3EF6FD2BADD6B100F3A996 /* HomeView.swift in Sources */ = {isa = PBXBuildFile; fileRef = DE3EF6FC2BADD6B100F3A996 /* HomeView.swift */; };
		DE566A462BAF63AA00DABE30 /* Meal.swift in Sources */ = {isa = PBXBuildFile; fileRef = DE566A452BAF63AA00DABE30 /* Meal.swift */; };
		DE566A482BAF643600DABE30 /* Meals.swift in Sources */ = {isa = PBXBuildFile; fileRef = DE566A472BAF643600DABE30 /* Meals.swift */; };
		DE566A4C2BAF653100DABE30 /* DessertDelightsService.swift in Sources */ = {isa = PBXBuildFile; fileRef = DE566A4B2BAF653100DABE30 /* DessertDelightsService.swift */; };
		DE566A4E2BAF655D00DABE30 /* RemoteService.swift in Sources */ = {isa = PBXBuildFile; fileRef = DE566A4D2BAF655D00DABE30 /* RemoteService.swift */; };
		DE566A522BAF663B00DABE30 /* Alamofire in Frameworks */ = {isa = PBXBuildFile; productRef = DE566A512BAF663B00DABE30 /* Alamofire */; };
		DE566A542BAF666400DABE30 /* RequestConfiguration.swift in Sources */ = {isa = PBXBuildFile; fileRef = DE566A532BAF666400DABE30 /* RequestConfiguration.swift */; };
		DE566A562BAF668100DABE30 /* RemoteAPI.swift in Sources */ = {isa = PBXBuildFile; fileRef = DE566A552BAF668100DABE30 /* RemoteAPI.swift */; };
		DE566A582BAF66C900DABE30 /* ErrorMessage.swift in Sources */ = {isa = PBXBuildFile; fileRef = DE566A572BAF66C900DABE30 /* ErrorMessage.swift */; };
		DE566A5A2BAF675C00DABE30 /* AlamofireDynamic in Frameworks */ = {isa = PBXBuildFile; productRef = DE566A592BAF675C00DABE30 /* AlamofireDynamic */; };
		DE566A5B2BAF675C00DABE30 /* AlamofireDynamic in Embed Frameworks */ = {isa = PBXBuildFile; productRef = DE566A592BAF675C00DABE30 /* AlamofireDynamic */; settings = {ATTRIBUTES = (CodeSignOnCopy, ); }; };
		DE566A5E2BAF785300DABE30 /* DessertService.swift in Sources */ = {isa = PBXBuildFile; fileRef = DE566A5D2BAF785300DABE30 /* DessertService.swift */; };
		DE6B09E62BAE22E00044D020 /* Localizable.xcstrings in Resources */ = {isa = PBXBuildFile; fileRef = DE6B09E52BAE22E00044D020 /* Localizable.xcstrings */; };
		DE6B09EB2BAE76370044D020 /* HomeRootView.swift in Sources */ = {isa = PBXBuildFile; fileRef = DE6B09EA2BAE76370044D020 /* HomeRootView.swift */; };
		DE6B09ED2BAE76470044D020 /* HomeRootViewModel.swift in Sources */ = {isa = PBXBuildFile; fileRef = DE6B09EC2BAE76470044D020 /* HomeRootViewModel.swift */; };
		DE6B09EF2BAE77CA0044D020 /* DessertDetailsView.swift in Sources */ = {isa = PBXBuildFile; fileRef = DE6B09EE2BAE77CA0044D020 /* DessertDetailsView.swift */; };
		DE6B09F12BAE77DA0044D020 /* DessertDetailsViewModel.swift in Sources */ = {isa = PBXBuildFile; fileRef = DE6B09F02BAE77DA0044D020 /* DessertDetailsViewModel.swift */; };
		DE6B09F82BAE8F870044D020 /* Poppins-SemiBold.ttf in Resources */ = {isa = PBXBuildFile; fileRef = DE6B09F32BAE8F870044D020 /* Poppins-SemiBold.ttf */; };
		DE6B09F92BAE8F870044D020 /* Poppins-Medium.ttf in Resources */ = {isa = PBXBuildFile; fileRef = DE6B09F42BAE8F870044D020 /* Poppins-Medium.ttf */; };
		DE6B09FA2BAE8F870044D020 /* Poppins-Bold.ttf in Resources */ = {isa = PBXBuildFile; fileRef = DE6B09F52BAE8F870044D020 /* Poppins-Bold.ttf */; };
		DE6B09FB2BAE8F870044D020 /* Poppins-ExtraLight.ttf in Resources */ = {isa = PBXBuildFile; fileRef = DE6B09F62BAE8F870044D020 /* Poppins-ExtraLight.ttf */; };
		DE6B09FC2BAE8F870044D020 /* Poppins-Regular.ttf in Resources */ = {isa = PBXBuildFile; fileRef = DE6B09F72BAE8F870044D020 /* Poppins-Regular.ttf */; };
		DE6B09FF2BAE90F40044D020 /* DessertCell.swift in Sources */ = {isa = PBXBuildFile; fileRef = DE6B09FE2BAE90F40044D020 /* DessertCell.swift */; };
		DE6FC7E12BB245A900D64CE1 /* SpyDessertService.swift in Sources */ = {isa = PBXBuildFile; fileRef = DE6FC7E02BB245A900D64CE1 /* SpyDessertService.swift */; };
		DEBC63512BB174CC0072CE0D /* MealDetails.swift in Sources */ = {isa = PBXBuildFile; fileRef = DEBC63502BB174CC0072CE0D /* MealDetails.swift */; };
		DEBC63532BB178A60072CE0D /* GetDessertDetailsUseCase.swift in Sources */ = {isa = PBXBuildFile; fileRef = DEBC63522BB178A60072CE0D /* GetDessertDetailsUseCase.swift */; };
		DEBC63552BB17ABB0072CE0D /* DessertDetailsPresentable.swift in Sources */ = {isa = PBXBuildFile; fileRef = DEBC63542BB17ABB0072CE0D /* DessertDetailsPresentable.swift */; };
		DEBC63572BB1B05A0072CE0D /* ScreenStateProtocol.swift in Sources */ = {isa = PBXBuildFile; fileRef = DEBC63562BB1B05A0072CE0D /* ScreenStateProtocol.swift */; };
		DEBC63592BB1F63E0072CE0D /* DessertsList.json in Resources */ = {isa = PBXBuildFile; fileRef = DEBC63582BB1F63E0072CE0D /* DessertsList.json */; };
		DEBC635D2BB1F70E0072CE0D /* Bundle+UnitTest.swift in Sources */ = {isa = PBXBuildFile; fileRef = DEBC635C2BB1F70E0072CE0D /* Bundle+UnitTest.swift */; };
		DEBC635F2BB205850072CE0D /* MainDessertRepositorySpy_Tests.swift in Sources */ = {isa = PBXBuildFile; fileRef = DEBC635E2BB205850072CE0D /* MainDessertRepositorySpy_Tests.swift */; };
		DEBC63612BB20B080072CE0D /* DessertDelightsDessertApiSpy.swift in Sources */ = {isa = PBXBuildFile; fileRef = DEBC63602BB20B080072CE0D /* DessertDelightsDessertApiSpy.swift */; };
		DEBC63652BB233870072CE0D /* AsyncTest+UnitTest.swift in Sources */ = {isa = PBXBuildFile; fileRef = DEBC63642BB233870072CE0D /* AsyncTest+UnitTest.swift */; };
		DEBC63682BB2391C0072CE0D /* DessertDetails.json in Resources */ = {isa = PBXBuildFile; fileRef = DEBC63672BB2391C0072CE0D /* DessertDetails.json */; };
		DEE06F382BB25AC4000F11FA /* GetAllDessertsUseCase_Tests.swift in Sources */ = {isa = PBXBuildFile; fileRef = DEE06F372BB25AC4000F11FA /* GetAllDessertsUseCase_Tests.swift */; };
		DEE06F3A2BB25B77000F11FA /* MainDessertRepositorySpy.swift in Sources */ = {isa = PBXBuildFile; fileRef = DEE06F392BB25B77000F11FA /* MainDessertRepositorySpy.swift */; };
/* End PBXBuildFile section */

/* Begin PBXContainerItemProxy section */
		DE3EF6A22BAC475000F3A996 /* PBXContainerItemProxy */ = {
			isa = PBXContainerItemProxy;
			containerPortal = DE3EF6892BAC474F00F3A996 /* Project object */;
			proxyType = 1;
			remoteGlobalIDString = DE3EF6902BAC474F00F3A996;
			remoteInfo = DessertDelights;
		};
		DE3EF6AC2BAC475000F3A996 /* PBXContainerItemProxy */ = {
			isa = PBXContainerItemProxy;
			containerPortal = DE3EF6892BAC474F00F3A996 /* Project object */;
			proxyType = 1;
			remoteGlobalIDString = DE3EF6902BAC474F00F3A996;
			remoteInfo = DessertDelights;
		};
/* End PBXContainerItemProxy section */

/* Begin PBXCopyFilesBuildPhase section */
		DE566A5C2BAF675C00DABE30 /* Embed Frameworks */ = {
			isa = PBXCopyFilesBuildPhase;
			buildActionMask = 2147483647;
			dstPath = "";
			dstSubfolderSpec = 10;
			files = (
				DE566A5B2BAF675C00DABE30 /* AlamofireDynamic in Embed Frameworks */,
			);
			name = "Embed Frameworks";
			runOnlyForDeploymentPostprocessing = 0;
		};
/* End PBXCopyFilesBuildPhase section */

/* Begin PBXFileReference section */
		DE1AD8F32BAF7A9A00C85A54 /* DessertApis.swift */ = {isa = PBXFileReference; lastKnownFileType = sourcecode.swift; path = DessertApis.swift; sourceTree = "<group>"; };
		DE1AD8F82BAF7B2F00C85A54 /* DessertDelightsDessertApis.swift */ = {isa = PBXFileReference; lastKnownFileType = sourcecode.swift; path = DessertDelightsDessertApis.swift; sourceTree = "<group>"; };
		DE1AD8FB2BAF7BFB00C85A54 /* DessertRepository.swift */ = {isa = PBXFileReference; lastKnownFileType = sourcecode.swift; path = DessertRepository.swift; sourceTree = "<group>"; };
		DE1AD8FD2BAF7C5800C85A54 /* MainDessertRepository.swift */ = {isa = PBXFileReference; lastKnownFileType = sourcecode.swift; path = MainDessertRepository.swift; sourceTree = "<group>"; };
		DE1AD8FF2BAF802500C85A54 /* GetAllDessertsUseCase.swift */ = {isa = PBXFileReference; lastKnownFileType = sourcecode.swift; path = GetAllDessertsUseCase.swift; sourceTree = "<group>"; };
		DE1AD9012BAF80CE00C85A54 /* DessertPresentable.swift */ = {isa = PBXFileReference; lastKnownFileType = sourcecode.swift; path = DessertPresentable.swift; sourceTree = "<group>"; };
		DE1AD9042BAF86BE00C85A54 /* LoaderView.swift */ = {isa = PBXFileReference; lastKnownFileType = sourcecode.swift; path = LoaderView.swift; sourceTree = "<group>"; };
		DE1AD9062BAF877100C85A54 /* View+IfModifier.swift */ = {isa = PBXFileReference; lastKnownFileType = sourcecode.swift; path = "View+IfModifier.swift"; sourceTree = "<group>"; };
		DE1AD9082BB0AD7100C85A54 /* HomeRootViewModel_Tests.swift */ = {isa = PBXFileReference; lastKnownFileType = sourcecode.swift; path = HomeRootViewModel_Tests.swift; sourceTree = "<group>"; };
		DE3EF6912BAC474F00F3A996 /* DessertDelights.app */ = {isa = PBXFileReference; explicitFileType = wrapper.application; includeInIndex = 0; path = DessertDelights.app; sourceTree = BUILT_PRODUCTS_DIR; };
		DE3EF6942BAC474F00F3A996 /* AppDelegate.swift */ = {isa = PBXFileReference; lastKnownFileType = sourcecode.swift; path = AppDelegate.swift; sourceTree = "<group>"; };
		DE3EF6982BAC475000F3A996 /* Assets.xcassets */ = {isa = PBXFileReference; lastKnownFileType = folder.assetcatalog; path = Assets.xcassets; sourceTree = "<group>"; };
		DE3EF69B2BAC475000F3A996 /* Preview Assets.xcassets */ = {isa = PBXFileReference; lastKnownFileType = folder.assetcatalog; path = "Preview Assets.xcassets"; sourceTree = "<group>"; };
		DE3EF6A12BAC475000F3A996 /* DessertDelightsTests.xctest */ = {isa = PBXFileReference; explicitFileType = wrapper.cfbundle; includeInIndex = 0; path = DessertDelightsTests.xctest; sourceTree = BUILT_PRODUCTS_DIR; };
		DE3EF6A52BAC475000F3A996 /* DessertDelightsTests.swift */ = {isa = PBXFileReference; lastKnownFileType = sourcecode.swift; path = DessertDelightsTests.swift; sourceTree = "<group>"; };
		DE3EF6AB2BAC475000F3A996 /* DessertDelightsUITests.xctest */ = {isa = PBXFileReference; explicitFileType = wrapper.cfbundle; includeInIndex = 0; path = DessertDelightsUITests.xctest; sourceTree = BUILT_PRODUCTS_DIR; };
		DE3EF6AF2BAC475000F3A996 /* DessertDelightsUITests.swift */ = {isa = PBXFileReference; lastKnownFileType = sourcecode.swift; path = DessertDelightsUITests.swift; sourceTree = "<group>"; };
		DE3EF6B12BAC475000F3A996 /* DessertDelightsUITestsLaunchTests.swift */ = {isa = PBXFileReference; lastKnownFileType = sourcecode.swift; path = DessertDelightsUITestsLaunchTests.swift; sourceTree = "<group>"; };
		DE3EF6C02BAC50DE00F3A996 /* MainDependencyContainer .swift */ = {isa = PBXFileReference; lastKnownFileType = sourcecode.swift; path = "MainDependencyContainer .swift"; sourceTree = "<group>"; };
		DE3EF6C22BAC513F00F3A996 /* MainNavigationController .swift */ = {isa = PBXFileReference; lastKnownFileType = sourcecode.swift; path = "MainNavigationController .swift"; sourceTree = "<group>"; };
		DE3EF6C42BAC514E00F3A996 /* MainViewModel .swift */ = {isa = PBXFileReference; lastKnownFileType = sourcecode.swift; path = "MainViewModel .swift"; sourceTree = "<group>"; };
		DE3EF6C62BAC515700F3A996 /* MainView.swift */ = {isa = PBXFileReference; lastKnownFileType = sourcecode.swift; path = MainView.swift; sourceTree = "<group>"; };
		DE3EF6CF2BACD1D700F3A996 /* NiblessViewController.swift */ = {isa = PBXFileReference; fileEncoding = 4; lastKnownFileType = sourcecode.swift; path = NiblessViewController.swift; sourceTree = "<group>"; };
		DE3EF6D12BACD1D700F3A996 /* NiblessNavigationController.swift */ = {isa = PBXFileReference; fileEncoding = 4; lastKnownFileType = sourcecode.swift; path = NiblessNavigationController.swift; sourceTree = "<group>"; };
		DE3EF6DB2BAD213300F3A996 /* LaunchNavigationController.swift */ = {isa = PBXFileReference; lastKnownFileType = sourcecode.swift; path = LaunchNavigationController.swift; sourceTree = "<group>"; };
		DE3EF6DD2BAD25CA00F3A996 /* LaunchDependencyContainer.swift */ = {isa = PBXFileReference; lastKnownFileType = sourcecode.swift; path = LaunchDependencyContainer.swift; sourceTree = "<group>"; };
		DE3EF6DF2BAD25D400F3A996 /* LaunchViewModel.swift */ = {isa = PBXFileReference; lastKnownFileType = sourcecode.swift; path = LaunchViewModel.swift; sourceTree = "<group>"; };
		DE3EF6E12BAD25DD00F3A996 /* LaunchView.swift */ = {isa = PBXFileReference; lastKnownFileType = sourcecode.swift; path = LaunchView.swift; sourceTree = "<group>"; };
		DE3EF6E42BAD305D00F3A996 /* LaunchRootView.swift */ = {isa = PBXFileReference; lastKnownFileType = sourcecode.swift; path = LaunchRootView.swift; sourceTree = "<group>"; };
		DE3EF6E62BAD306C00F3A996 /* LaunchRootViewModel.swift */ = {isa = PBXFileReference; lastKnownFileType = sourcecode.swift; path = LaunchRootViewModel.swift; sourceTree = "<group>"; };
		DE3EF6E92BAD33DE00F3A996 /* UINavigationController+PopToViewController.swift */ = {isa = PBXFileReference; lastKnownFileType = sourcecode.swift; path = "UINavigationController+PopToViewController.swift"; sourceTree = "<group>"; };
		DE3EF6EB2BAD33F600F3A996 /* UIView+ViewController.swift */ = {isa = PBXFileReference; lastKnownFileType = sourcecode.swift; path = "UIView+ViewController.swift"; sourceTree = "<group>"; };
		DE3EF6ED2BAD341700F3A996 /* ViewControllerContainment.swift */ = {isa = PBXFileReference; lastKnownFileType = sourcecode.swift; path = ViewControllerContainment.swift; sourceTree = "<group>"; };
		DE3EF6EF2BAD344B00F3A996 /* WithConfigurable.swift */ = {isa = PBXFileReference; lastKnownFileType = sourcecode.swift; path = WithConfigurable.swift; sourceTree = "<group>"; };
		DE3EF6F12BAD346300F3A996 /* NavigationAction.swift */ = {isa = PBXFileReference; lastKnownFileType = sourcecode.swift; path = NavigationAction.swift; sourceTree = "<group>"; };
		DE3EF6F62BADD68900F3A996 /* HomeNavigationController.swift */ = {isa = PBXFileReference; lastKnownFileType = sourcecode.swift; path = HomeNavigationController.swift; sourceTree = "<group>"; };
		DE3EF6F82BADD69700F3A996 /* HomeDependencyContainer.swift */ = {isa = PBXFileReference; lastKnownFileType = sourcecode.swift; path = HomeDependencyContainer.swift; sourceTree = "<group>"; };
		DE3EF6FA2BADD6A100F3A996 /* HomeViewModel.swift */ = {isa = PBXFileReference; lastKnownFileType = sourcecode.swift; path = HomeViewModel.swift; sourceTree = "<group>"; };
		DE3EF6FC2BADD6B100F3A996 /* HomeView.swift */ = {isa = PBXFileReference; lastKnownFileType = sourcecode.swift; path = HomeView.swift; sourceTree = "<group>"; };
		DE566A452BAF63AA00DABE30 /* Meal.swift */ = {isa = PBXFileReference; lastKnownFileType = sourcecode.swift; path = Meal.swift; sourceTree = "<group>"; };
		DE566A472BAF643600DABE30 /* Meals.swift */ = {isa = PBXFileReference; lastKnownFileType = sourcecode.swift; path = Meals.swift; sourceTree = "<group>"; };
		DE566A4B2BAF653100DABE30 /* DessertDelightsService.swift */ = {isa = PBXFileReference; lastKnownFileType = sourcecode.swift; path = DessertDelightsService.swift; sourceTree = "<group>"; };
		DE566A4D2BAF655D00DABE30 /* RemoteService.swift */ = {isa = PBXFileReference; lastKnownFileType = sourcecode.swift; path = RemoteService.swift; sourceTree = "<group>"; };
		DE566A532BAF666400DABE30 /* RequestConfiguration.swift */ = {isa = PBXFileReference; lastKnownFileType = sourcecode.swift; path = RequestConfiguration.swift; sourceTree = "<group>"; };
		DE566A552BAF668100DABE30 /* RemoteAPI.swift */ = {isa = PBXFileReference; lastKnownFileType = sourcecode.swift; path = RemoteAPI.swift; sourceTree = "<group>"; };
		DE566A572BAF66C900DABE30 /* ErrorMessage.swift */ = {isa = PBXFileReference; lastKnownFileType = sourcecode.swift; path = ErrorMessage.swift; sourceTree = "<group>"; };
		DE566A5D2BAF785300DABE30 /* DessertService.swift */ = {isa = PBXFileReference; lastKnownFileType = sourcecode.swift; path = DessertService.swift; sourceTree = "<group>"; };
		DE6B09E52BAE22E00044D020 /* Localizable.xcstrings */ = {isa = PBXFileReference; lastKnownFileType = text.json.xcstrings; path = Localizable.xcstrings; sourceTree = "<group>"; };
		DE6B09E72BAE721C0044D020 /* Info.plist */ = {isa = PBXFileReference; lastKnownFileType = text.plist; path = Info.plist; sourceTree = "<group>"; };
		DE6B09EA2BAE76370044D020 /* HomeRootView.swift */ = {isa = PBXFileReference; lastKnownFileType = sourcecode.swift; path = HomeRootView.swift; sourceTree = "<group>"; };
		DE6B09EC2BAE76470044D020 /* HomeRootViewModel.swift */ = {isa = PBXFileReference; lastKnownFileType = sourcecode.swift; path = HomeRootViewModel.swift; sourceTree = "<group>"; };
		DE6B09EE2BAE77CA0044D020 /* DessertDetailsView.swift */ = {isa = PBXFileReference; lastKnownFileType = sourcecode.swift; path = DessertDetailsView.swift; sourceTree = "<group>"; };
		DE6B09F02BAE77DA0044D020 /* DessertDetailsViewModel.swift */ = {isa = PBXFileReference; lastKnownFileType = sourcecode.swift; path = DessertDetailsViewModel.swift; sourceTree = "<group>"; };
		DE6B09F32BAE8F870044D020 /* Poppins-SemiBold.ttf */ = {isa = PBXFileReference; lastKnownFileType = file; name = "Poppins-SemiBold.ttf"; path = "Fonts/Poppins-SemiBold.ttf"; sourceTree = SOURCE_ROOT; };
		DE6B09F42BAE8F870044D020 /* Poppins-Medium.ttf */ = {isa = PBXFileReference; lastKnownFileType = file; name = "Poppins-Medium.ttf"; path = "Fonts/Poppins-Medium.ttf"; sourceTree = SOURCE_ROOT; };
		DE6B09F52BAE8F870044D020 /* Poppins-Bold.ttf */ = {isa = PBXFileReference; lastKnownFileType = file; name = "Poppins-Bold.ttf"; path = "Fonts/Poppins-Bold.ttf"; sourceTree = SOURCE_ROOT; };
		DE6B09F62BAE8F870044D020 /* Poppins-ExtraLight.ttf */ = {isa = PBXFileReference; lastKnownFileType = file; name = "Poppins-ExtraLight.ttf"; path = "Fonts/Poppins-ExtraLight.ttf"; sourceTree = SOURCE_ROOT; };
		DE6B09F72BAE8F870044D020 /* Poppins-Regular.ttf */ = {isa = PBXFileReference; lastKnownFileType = file; name = "Poppins-Regular.ttf"; path = "Fonts/Poppins-Regular.ttf"; sourceTree = SOURCE_ROOT; };
		DE6B09FE2BAE90F40044D020 /* DessertCell.swift */ = {isa = PBXFileReference; lastKnownFileType = sourcecode.swift; path = DessertCell.swift; sourceTree = "<group>"; };
		DE6FC7E02BB245A900D64CE1 /* SpyDessertService.swift */ = {isa = PBXFileReference; lastKnownFileType = sourcecode.swift; path = SpyDessertService.swift; sourceTree = "<group>"; };
		DEBC63502BB174CC0072CE0D /* MealDetails.swift */ = {isa = PBXFileReference; lastKnownFileType = sourcecode.swift; path = MealDetails.swift; sourceTree = "<group>"; };
		DEBC63522BB178A60072CE0D /* GetDessertDetailsUseCase.swift */ = {isa = PBXFileReference; lastKnownFileType = sourcecode.swift; path = GetDessertDetailsUseCase.swift; sourceTree = "<group>"; };
		DEBC63542BB17ABB0072CE0D /* DessertDetailsPresentable.swift */ = {isa = PBXFileReference; lastKnownFileType = sourcecode.swift; path = DessertDetailsPresentable.swift; sourceTree = "<group>"; };
		DEBC63562BB1B05A0072CE0D /* ScreenStateProtocol.swift */ = {isa = PBXFileReference; lastKnownFileType = sourcecode.swift; path = ScreenStateProtocol.swift; sourceTree = "<group>"; };
		DEBC63582BB1F63E0072CE0D /* DessertsList.json */ = {isa = PBXFileReference; lastKnownFileType = text.json; path = DessertsList.json; sourceTree = "<group>"; };
		DEBC635C2BB1F70E0072CE0D /* Bundle+UnitTest.swift */ = {isa = PBXFileReference; lastKnownFileType = sourcecode.swift; path = "Bundle+UnitTest.swift"; sourceTree = "<group>"; };
		DEBC635E2BB205850072CE0D /* MainDessertRepositorySpy_Tests.swift */ = {isa = PBXFileReference; lastKnownFileType = sourcecode.swift; path = MainDessertRepositorySpy_Tests.swift; sourceTree = "<group>"; };
		DEBC63602BB20B080072CE0D /* DessertDelightsDessertApiSpy.swift */ = {isa = PBXFileReference; lastKnownFileType = sourcecode.swift; path = DessertDelightsDessertApiSpy.swift; sourceTree = "<group>"; };
		DEBC63642BB233870072CE0D /* AsyncTest+UnitTest.swift */ = {isa = PBXFileReference; lastKnownFileType = sourcecode.swift; path = "AsyncTest+UnitTest.swift"; sourceTree = "<group>"; };
		DEBC63672BB2391C0072CE0D /* DessertDetails.json */ = {isa = PBXFileReference; lastKnownFileType = text.json; path = DessertDetails.json; sourceTree = "<group>"; };
		DEE06F372BB25AC4000F11FA /* GetAllDessertsUseCase_Tests.swift */ = {isa = PBXFileReference; lastKnownFileType = sourcecode.swift; path = GetAllDessertsUseCase_Tests.swift; sourceTree = "<group>"; };
		DEE06F392BB25B77000F11FA /* MainDessertRepositorySpy.swift */ = {isa = PBXFileReference; lastKnownFileType = sourcecode.swift; path = MainDessertRepositorySpy.swift; sourceTree = "<group>"; };
/* End PBXFileReference section */

/* Begin PBXFrameworksBuildPhase section */
		DE3EF68E2BAC474F00F3A996 /* Frameworks */ = {
			isa = PBXFrameworksBuildPhase;
			buildActionMask = 2147483647;
			files = (
				DE566A522BAF663B00DABE30 /* Alamofire in Frameworks */,
				DE566A5A2BAF675C00DABE30 /* AlamofireDynamic in Frameworks */,
			);
			runOnlyForDeploymentPostprocessing = 0;
		};
		DE3EF69E2BAC475000F3A996 /* Frameworks */ = {
			isa = PBXFrameworksBuildPhase;
			buildActionMask = 2147483647;
			files = (
			);
			runOnlyForDeploymentPostprocessing = 0;
		};
		DE3EF6A82BAC475000F3A996 /* Frameworks */ = {
			isa = PBXFrameworksBuildPhase;
			buildActionMask = 2147483647;
			files = (
			);
			runOnlyForDeploymentPostprocessing = 0;
		};
/* End PBXFrameworksBuildPhase section */

/* Begin PBXGroup section */
		DE1AD8F72BAF7B1000C85A54 /* DessertApis */ = {
			isa = PBXGroup;
			children = (
				DE1AD8F32BAF7A9A00C85A54 /* DessertApis.swift */,
				DE1AD8F82BAF7B2F00C85A54 /* DessertDelightsDessertApis.swift */,
			);
			path = DessertApis;
			sourceTree = "<group>";
		};
		DE1AD8FA2BAF7BDF00C85A54 /* DessertRepository */ = {
			isa = PBXGroup;
			children = (
				DE1AD8FB2BAF7BFB00C85A54 /* DessertRepository.swift */,
				DE1AD8FD2BAF7C5800C85A54 /* MainDessertRepository.swift */,
			);
			path = DessertRepository;
			sourceTree = "<group>";
		};
		DE1AD9032BAF86A400C85A54 /* Reusable */ = {
			isa = PBXGroup;
			children = (
				DE1AD9042BAF86BE00C85A54 /* LoaderView.swift */,
			);
			path = Reusable;
			sourceTree = "<group>";
		};
		DE3EF6882BAC474F00F3A996 = {
			isa = PBXGroup;
			children = (
				DE3EF6932BAC474F00F3A996 /* DessertDelights */,
				DE3EF6A42BAC475000F3A996 /* DessertDelightsTests */,
				DE3EF6AE2BAC475000F3A996 /* DessertDelightsUITests */,
				DE3EF6922BAC474F00F3A996 /* Products */,
				DE566A502BAF663B00DABE30 /* Frameworks */,
			);
			sourceTree = "<group>";
		};
		DE3EF6922BAC474F00F3A996 /* Products */ = {
			isa = PBXGroup;
			children = (
				DE3EF6912BAC474F00F3A996 /* DessertDelights.app */,
				DE3EF6A12BAC475000F3A996 /* DessertDelightsTests.xctest */,
				DE3EF6AB2BAC475000F3A996 /* DessertDelightsUITests.xctest */,
			);
			name = Products;
			sourceTree = "<group>";
		};
		DE3EF6932BAC474F00F3A996 /* DessertDelights */ = {
			isa = PBXGroup;
			children = (
				DE6B09E72BAE721C0044D020 /* Info.plist */,
				DE3EF6942BAC474F00F3A996 /* AppDelegate.swift */,
				DE6B09E52BAE22E00044D020 /* Localizable.xcstrings */,
				DE6B09F22BAE8F6A0044D020 /* Fonts */,
				DE3EF6BE2BAC4A3F00F3A996 /* Modules */,
				DE3EF6CE2BACD1C900F3A996 /* NiblessComponents */,
				DE3EF6E82BAD339400F3A996 /* Extenstions  */,
				DE1AD9032BAF86A400C85A54 /* Reusable */,
				DE566A3F2BAF61D200DABE30 /* CoreKit */,
				DE3EF6982BAC475000F3A996 /* Assets.xcassets */,
				DE3EF69A2BAC475000F3A996 /* Preview Content */,
			);
			path = DessertDelights;
			sourceTree = "<group>";
		};
		DE3EF69A2BAC475000F3A996 /* Preview Content */ = {
			isa = PBXGroup;
			children = (
				DE3EF69B2BAC475000F3A996 /* Preview Assets.xcassets */,
			);
			path = "Preview Content";
			sourceTree = "<group>";
		};
		DE3EF6A42BAC475000F3A996 /* DessertDelightsTests */ = {
			isa = PBXGroup;
			children = (
				DE3EF6A52BAC475000F3A996 /* DessertDelightsTests.swift */,
				DE1AD9082BB0AD7100C85A54 /* HomeRootViewModel_Tests.swift */,
				DEE06F362BB25A81000F11FA /* SpyUseCase */,
				DE6FC7DF2BB2458C00D64CE1 /* SpyDessertService */,
				DEBC63622BB232CD0072CE0D /* SpyDessertApis */,
				DEBC63662BB235560072CE0D /* SpyDessertsReoistory */,
				DEBC63632BB233510072CE0D /* Extensions */,
			);
			path = DessertDelightsTests;
			sourceTree = "<group>";
		};
		DE3EF6AE2BAC475000F3A996 /* DessertDelightsUITests */ = {
			isa = PBXGroup;
			children = (
				DE3EF6AF2BAC475000F3A996 /* DessertDelightsUITests.swift */,
				DE3EF6B12BAC475000F3A996 /* DessertDelightsUITestsLaunchTests.swift */,
			);
			path = DessertDelightsUITests;
			sourceTree = "<group>";
		};
		DE3EF6BE2BAC4A3F00F3A996 /* Modules */ = {
			isa = PBXGroup;
			children = (
				DE3EF6BF2BAC4A5100F3A996 /* Main */,
				DE3EF6D92BAD20EF00F3A996 /* Launch */,
				DE3EF6DA2BAD20FC00F3A996 /* Home */,
			);
			path = Modules;
			sourceTree = "<group>";
		};
		DE3EF6BF2BAC4A5100F3A996 /* Main */ = {
			isa = PBXGroup;
			children = (
				DE3EF6C22BAC513F00F3A996 /* MainNavigationController .swift */,
				DE3EF6C02BAC50DE00F3A996 /* MainDependencyContainer .swift */,
				DE3EF6C42BAC514E00F3A996 /* MainViewModel .swift */,
				DE3EF6C62BAC515700F3A996 /* MainView.swift */,
			);
			path = Main;
			sourceTree = "<group>";
		};
		DE3EF6CE2BACD1C900F3A996 /* NiblessComponents */ = {
			isa = PBXGroup;
			children = (
				DE3EF6D12BACD1D700F3A996 /* NiblessNavigationController.swift */,
				DE3EF6CF2BACD1D700F3A996 /* NiblessViewController.swift */,
			);
			path = NiblessComponents;
			sourceTree = "<group>";
		};
		DE3EF6D92BAD20EF00F3A996 /* Launch */ = {
			isa = PBXGroup;
			children = (
				DE3EF6DB2BAD213300F3A996 /* LaunchNavigationController.swift */,
				DE3EF6DD2BAD25CA00F3A996 /* LaunchDependencyContainer.swift */,
				DE3EF6DF2BAD25D400F3A996 /* LaunchViewModel.swift */,
				DE3EF6E12BAD25DD00F3A996 /* LaunchView.swift */,
				DE3EF6E32BAD304C00F3A996 /* root */,
			);
			path = Launch;
			sourceTree = "<group>";
		};
		DE3EF6DA2BAD20FC00F3A996 /* Home */ = {
			isa = PBXGroup;
			children = (
				DE3EF6F62BADD68900F3A996 /* HomeNavigationController.swift */,
				DE3EF6F82BADD69700F3A996 /* HomeDependencyContainer.swift */,
				DE3EF6FA2BADD6A100F3A996 /* HomeViewModel.swift */,
				DE3EF6FC2BADD6B100F3A996 /* HomeView.swift */,
				DE6B09E82BAE75FB0044D020 /* root */,
				DE6B09E92BAE760B0044D020 /* DessertDetails */,
			);
			path = Home;
			sourceTree = "<group>";
		};
		DE3EF6E32BAD304C00F3A996 /* root */ = {
			isa = PBXGroup;
			children = (
				DE3EF6E42BAD305D00F3A996 /* LaunchRootView.swift */,
				DE3EF6E62BAD306C00F3A996 /* LaunchRootViewModel.swift */,
			);
			path = root;
			sourceTree = "<group>";
		};
		DE3EF6E82BAD339400F3A996 /* Extenstions  */ = {
			isa = PBXGroup;
			children = (
				DE3EF6E92BAD33DE00F3A996 /* UINavigationController+PopToViewController.swift */,
				DE3EF6EB2BAD33F600F3A996 /* UIView+ViewController.swift */,
				DE3EF6ED2BAD341700F3A996 /* ViewControllerContainment.swift */,
				DE3EF6EF2BAD344B00F3A996 /* WithConfigurable.swift */,
				DE3EF6F12BAD346300F3A996 /* NavigationAction.swift */,
				DE566A572BAF66C900DABE30 /* ErrorMessage.swift */,
				DE1AD9062BAF877100C85A54 /* View+IfModifier.swift */,
				DEBC63562BB1B05A0072CE0D /* ScreenStateProtocol.swift */,
			);
			path = "Extenstions ";
			sourceTree = "<group>";
		};
		DE566A3F2BAF61D200DABE30 /* CoreKit */ = {
			isa = PBXGroup;
			children = (
				DE566A402BAF621300DABE30 /* Usecase */,
				DE566A412BAF622600DABE30 /* Presentable */,
				DE566A422BAF623900DABE30 /* Repository */,
				DE566A432BAF624D00DABE30 /* Remote */,
				DE566A442BAF626700DABE30 /* DTOs */,
				DE566A532BAF666400DABE30 /* RequestConfiguration.swift */,
				DE566A552BAF668100DABE30 /* RemoteAPI.swift */,
			);
			path = CoreKit;
			sourceTree = "<group>";
		};
		DE566A402BAF621300DABE30 /* Usecase */ = {
			isa = PBXGroup;
			children = (
				DE1AD8FF2BAF802500C85A54 /* GetAllDessertsUseCase.swift */,
				DEBC63522BB178A60072CE0D /* GetDessertDetailsUseCase.swift */,
			);
			path = Usecase;
			sourceTree = "<group>";
		};
		DE566A412BAF622600DABE30 /* Presentable */ = {
			isa = PBXGroup;
			children = (
				DE1AD9012BAF80CE00C85A54 /* DessertPresentable.swift */,
				DEBC63542BB17ABB0072CE0D /* DessertDetailsPresentable.swift */,
			);
			path = Presentable;
			sourceTree = "<group>";
		};
		DE566A422BAF623900DABE30 /* Repository */ = {
			isa = PBXGroup;
			children = (
				DE1AD8FA2BAF7BDF00C85A54 /* DessertRepository */,
			);
			path = Repository;
			sourceTree = "<group>";
		};
		DE566A432BAF624D00DABE30 /* Remote */ = {
			isa = PBXGroup;
			children = (
				DE566A492BAF645700DABE30 /* Servieces */,
				DE566A5F2BAF79FA00DABE30 /* Apis */,
			);
			path = Remote;
			sourceTree = "<group>";
		};
		DE566A442BAF626700DABE30 /* DTOs */ = {
			isa = PBXGroup;
			children = (
				DE566A472BAF643600DABE30 /* Meals.swift */,
				DE566A452BAF63AA00DABE30 /* Meal.swift */,
				DEBC63502BB174CC0072CE0D /* MealDetails.swift */,
			);
			path = DTOs;
			sourceTree = "<group>";
		};
		DE566A492BAF645700DABE30 /* Servieces */ = {
			isa = PBXGroup;
			children = (
				DE566A4A2BAF64F700DABE30 /* Base */,
				DE566A5D2BAF785300DABE30 /* DessertService.swift */,
			);
			path = Servieces;
			sourceTree = "<group>";
		};
		DE566A4A2BAF64F700DABE30 /* Base */ = {
			isa = PBXGroup;
			children = (
				DE566A4D2BAF655D00DABE30 /* RemoteService.swift */,
				DE566A4B2BAF653100DABE30 /* DessertDelightsService.swift */,
			);
			path = Base;
			sourceTree = "<group>";
		};
		DE566A502BAF663B00DABE30 /* Frameworks */ = {
			isa = PBXGroup;
			children = (
			);
			name = Frameworks;
			sourceTree = "<group>";
		};
		DE566A5F2BAF79FA00DABE30 /* Apis */ = {
			isa = PBXGroup;
			children = (
				DE1AD8F72BAF7B1000C85A54 /* DessertApis */,
			);
			path = Apis;
			sourceTree = "<group>";
		};
		DE6B09E82BAE75FB0044D020 /* root */ = {
			isa = PBXGroup;
			children = (
				DE6B09EA2BAE76370044D020 /* HomeRootView.swift */,
				DE6B09EC2BAE76470044D020 /* HomeRootViewModel.swift */,
				DE6B09FD2BAE90DF0044D020 /* SubViews */,
			);
			path = root;
			sourceTree = "<group>";
		};
		DE6B09E92BAE760B0044D020 /* DessertDetails */ = {
			isa = PBXGroup;
			children = (
				DE6B09EE2BAE77CA0044D020 /* DessertDetailsView.swift */,
				DE6B09F02BAE77DA0044D020 /* DessertDetailsViewModel.swift */,
			);
			path = DessertDetails;
			sourceTree = "<group>";
		};
		DE6B09F22BAE8F6A0044D020 /* Fonts */ = {
			isa = PBXGroup;
			children = (
				DE6B09F52BAE8F870044D020 /* Poppins-Bold.ttf */,
				DE6B09F62BAE8F870044D020 /* Poppins-ExtraLight.ttf */,
				DE6B09F42BAE8F870044D020 /* Poppins-Medium.ttf */,
				DE6B09F72BAE8F870044D020 /* Poppins-Regular.ttf */,
				DE6B09F32BAE8F870044D020 /* Poppins-SemiBold.ttf */,
			);
			path = Fonts;
			sourceTree = "<group>";
		};
		DE6B09FD2BAE90DF0044D020 /* SubViews */ = {
			isa = PBXGroup;
			children = (
				DE6B09FE2BAE90F40044D020 /* DessertCell.swift */,
			);
			path = SubViews;
			sourceTree = "<group>";
		};
		DE6FC7DF2BB2458C00D64CE1 /* SpyDessertService */ = {
			isa = PBXGroup;
			children = (
				DE6FC7E02BB245A900D64CE1 /* SpyDessertService.swift */,
			);
			path = SpyDessertService;
			sourceTree = "<group>";
		};
		DEBC63622BB232CD0072CE0D /* SpyDessertApis */ = {
			isa = PBXGroup;
			children = (
				DEBC63582BB1F63E0072CE0D /* DessertsList.json */,
				DEBC63672BB2391C0072CE0D /* DessertDetails.json */,
				DEBC63602BB20B080072CE0D /* DessertDelightsDessertApiSpy.swift */,
			);
			path = SpyDessertApis;
			sourceTree = "<group>";
		};
		DEBC63632BB233510072CE0D /* Extensions */ = {
			isa = PBXGroup;
			children = (
				DEBC635C2BB1F70E0072CE0D /* Bundle+UnitTest.swift */,
				DEBC63642BB233870072CE0D /* AsyncTest+UnitTest.swift */,
			);
			path = Extensions;
			sourceTree = "<group>";
		};
		DEBC63662BB235560072CE0D /* SpyDessertsReoistory */ = {
			isa = PBXGroup;
			children = (
				DEBC635E2BB205850072CE0D /* MainDessertRepositorySpy_Tests.swift */,
				DEE06F392BB25B77000F11FA /* MainDessertRepositorySpy.swift */,
			);
			path = SpyDessertsReoistory;
			sourceTree = "<group>";
		};
		DEE06F362BB25A81000F11FA /* SpyUseCase */ = {
			isa = PBXGroup;
			children = (
				DEE06F372BB25AC4000F11FA /* GetAllDessertsUseCase_Tests.swift */,
			);
			path = SpyUseCase;
			sourceTree = "<group>";
		};
/* End PBXGroup section */

/* Begin PBXNativeTarget section */
		DE3EF6902BAC474F00F3A996 /* DessertDelights */ = {
			isa = PBXNativeTarget;
			buildConfigurationList = DE3EF6B52BAC475000F3A996 /* Build configuration list for PBXNativeTarget "DessertDelights" */;
			buildPhases = (
				DE3EF68D2BAC474F00F3A996 /* Sources */,
				DE3EF68E2BAC474F00F3A996 /* Frameworks */,
				DE3EF68F2BAC474F00F3A996 /* Resources */,
				DE566A5C2BAF675C00DABE30 /* Embed Frameworks */,
			);
			buildRules = (
			);
			dependencies = (
			);
			name = DessertDelights;
			packageProductDependencies = (
				DE566A512BAF663B00DABE30 /* Alamofire */,
				DE566A592BAF675C00DABE30 /* AlamofireDynamic */,
			);
			productName = DessertDelights;
			productReference = DE3EF6912BAC474F00F3A996 /* DessertDelights.app */;
			productType = "com.apple.product-type.application";
		};
		DE3EF6A02BAC475000F3A996 /* DessertDelightsTests */ = {
			isa = PBXNativeTarget;
			buildConfigurationList = DE3EF6B82BAC475000F3A996 /* Build configuration list for PBXNativeTarget "DessertDelightsTests" */;
			buildPhases = (
				DE3EF69D2BAC475000F3A996 /* Sources */,
				DE3EF69E2BAC475000F3A996 /* Frameworks */,
				DE3EF69F2BAC475000F3A996 /* Resources */,
			);
			buildRules = (
			);
			dependencies = (
				DE3EF6A32BAC475000F3A996 /* PBXTargetDependency */,
			);
			name = DessertDelightsTests;
			productName = DessertDelightsTests;
			productReference = DE3EF6A12BAC475000F3A996 /* DessertDelightsTests.xctest */;
			productType = "com.apple.product-type.bundle.unit-test";
		};
		DE3EF6AA2BAC475000F3A996 /* DessertDelightsUITests */ = {
			isa = PBXNativeTarget;
			buildConfigurationList = DE3EF6BB2BAC475000F3A996 /* Build configuration list for PBXNativeTarget "DessertDelightsUITests" */;
			buildPhases = (
				DE3EF6A72BAC475000F3A996 /* Sources */,
				DE3EF6A82BAC475000F3A996 /* Frameworks */,
				DE3EF6A92BAC475000F3A996 /* Resources */,
			);
			buildRules = (
			);
			dependencies = (
				DE3EF6AD2BAC475000F3A996 /* PBXTargetDependency */,
			);
			name = DessertDelightsUITests;
			productName = DessertDelightsUITests;
			productReference = DE3EF6AB2BAC475000F3A996 /* DessertDelightsUITests.xctest */;
			productType = "com.apple.product-type.bundle.ui-testing";
		};
/* End PBXNativeTarget section */

/* Begin PBXProject section */
		DE3EF6892BAC474F00F3A996 /* Project object */ = {
			isa = PBXProject;
			attributes = {
				BuildIndependentTargetsInParallel = 1;
				LastSwiftUpdateCheck = 1500;
				LastUpgradeCheck = 1500;
				TargetAttributes = {
					DE3EF6902BAC474F00F3A996 = {
						CreatedOnToolsVersion = 15.0.1;
					};
					DE3EF6A02BAC475000F3A996 = {
						CreatedOnToolsVersion = 15.0.1;
						TestTargetID = DE3EF6902BAC474F00F3A996;
					};
					DE3EF6AA2BAC475000F3A996 = {
						CreatedOnToolsVersion = 15.0.1;
						TestTargetID = DE3EF6902BAC474F00F3A996;
					};
				};
			};
			buildConfigurationList = DE3EF68C2BAC474F00F3A996 /* Build configuration list for PBXProject "DessertDelights" */;
			compatibilityVersion = "Xcode 14.0";
			developmentRegion = en;
			hasScannedForEncodings = 0;
			knownRegions = (
				en,
				Base,
			);
			mainGroup = DE3EF6882BAC474F00F3A996;
			packageReferences = (
				DE566A4F2BAF65DC00DABE30 /* XCRemoteSwiftPackageReference "Alamofire" */,
			);
			productRefGroup = DE3EF6922BAC474F00F3A996 /* Products */;
			projectDirPath = "";
			projectRoot = "";
			targets = (
				DE3EF6902BAC474F00F3A996 /* DessertDelights */,
				DE3EF6A02BAC475000F3A996 /* DessertDelightsTests */,
				DE3EF6AA2BAC475000F3A996 /* DessertDelightsUITests */,
			);
		};
/* End PBXProject section */

/* Begin PBXResourcesBuildPhase section */
		DE3EF68F2BAC474F00F3A996 /* Resources */ = {
			isa = PBXResourcesBuildPhase;
			buildActionMask = 2147483647;
			files = (
				DE3EF69C2BAC475000F3A996 /* Preview Assets.xcassets in Resources */,
				DE6B09FA2BAE8F870044D020 /* Poppins-Bold.ttf in Resources */,
				DE6B09F82BAE8F870044D020 /* Poppins-SemiBold.ttf in Resources */,
				DE3EF6992BAC475000F3A996 /* Assets.xcassets in Resources */,
				DE6B09E62BAE22E00044D020 /* Localizable.xcstrings in Resources */,
				DE6B09F92BAE8F870044D020 /* Poppins-Medium.ttf in Resources */,
				DE6B09FB2BAE8F870044D020 /* Poppins-ExtraLight.ttf in Resources */,
				DE6B09FC2BAE8F870044D020 /* Poppins-Regular.ttf in Resources */,
			);
			runOnlyForDeploymentPostprocessing = 0;
		};
		DE3EF69F2BAC475000F3A996 /* Resources */ = {
			isa = PBXResourcesBuildPhase;
			buildActionMask = 2147483647;
			files = (
				DEBC63592BB1F63E0072CE0D /* DessertsList.json in Resources */,
				DEBC63682BB2391C0072CE0D /* DessertDetails.json in Resources */,
			);
			runOnlyForDeploymentPostprocessing = 0;
		};
		DE3EF6A92BAC475000F3A996 /* Resources */ = {
			isa = PBXResourcesBuildPhase;
			buildActionMask = 2147483647;
			files = (
			);
			runOnlyForDeploymentPostprocessing = 0;
		};
/* End PBXResourcesBuildPhase section */

/* Begin PBXSourcesBuildPhase section */
		DE3EF68D2BAC474F00F3A996 /* Sources */ = {
			isa = PBXSourcesBuildPhase;
			buildActionMask = 2147483647;
			files = (
				DE3EF6C52BAC514E00F3A996 /* MainViewModel .swift in Sources */,
				DE3EF6E22BAD25DD00F3A996 /* LaunchView.swift in Sources */,
				DE6B09FF2BAE90F40044D020 /* DessertCell.swift in Sources */,
				DE3EF6DC2BAD213300F3A996 /* LaunchNavigationController.swift in Sources */,
				DE1AD9022BAF80CE00C85A54 /* DessertPresentable.swift in Sources */,
				DE3EF6FB2BADD6A100F3A996 /* HomeViewModel.swift in Sources */,
				DE3EF6EC2BAD33F600F3A996 /* UIView+ViewController.swift in Sources */,
				DE6B09EB2BAE76370044D020 /* HomeRootView.swift in Sources */,
				DE3EF6C72BAC515700F3A996 /* MainView.swift in Sources */,
				DE3EF6E72BAD306C00F3A996 /* LaunchRootViewModel.swift in Sources */,
				DE3EF6F22BAD346300F3A996 /* NavigationAction.swift in Sources */,
				DE3EF6D62BACD1D700F3A996 /* NiblessNavigationController.swift in Sources */,
				DE3EF6C12BAC50DE00F3A996 /* MainDependencyContainer .swift in Sources */,
				DE1AD8F92BAF7B2F00C85A54 /* DessertDelightsDessertApis.swift in Sources */,
				DE566A4C2BAF653100DABE30 /* DessertDelightsService.swift in Sources */,
				DE566A462BAF63AA00DABE30 /* Meal.swift in Sources */,
				DE1AD8F42BAF7A9A00C85A54 /* DessertApis.swift in Sources */,
				DEBC63532BB178A60072CE0D /* GetDessertDetailsUseCase.swift in Sources */,
				DE1AD9052BAF86BE00C85A54 /* LoaderView.swift in Sources */,
				DE3EF6952BAC474F00F3A996 /* AppDelegate.swift in Sources */,
				DE566A482BAF643600DABE30 /* Meals.swift in Sources */,
				DE566A4E2BAF655D00DABE30 /* RemoteService.swift in Sources */,
				DE3EF6F72BADD68900F3A996 /* HomeNavigationController.swift in Sources */,
				DE566A582BAF66C900DABE30 /* ErrorMessage.swift in Sources */,
				DE1AD9072BAF877100C85A54 /* View+IfModifier.swift in Sources */,
				DEBC63552BB17ABB0072CE0D /* DessertDetailsPresentable.swift in Sources */,
				DE1AD9002BAF802500C85A54 /* GetAllDessertsUseCase.swift in Sources */,
				DEBC63512BB174CC0072CE0D /* MealDetails.swift in Sources */,
				DE3EF6E52BAD305D00F3A996 /* LaunchRootView.swift in Sources */,
				DE566A562BAF668100DABE30 /* RemoteAPI.swift in Sources */,
				DE3EF6FD2BADD6B100F3A996 /* HomeView.swift in Sources */,
				DE1AD8FE2BAF7C5800C85A54 /* MainDessertRepository.swift in Sources */,
				DE3EF6C32BAC513F00F3A996 /* MainNavigationController .swift in Sources */,
				DE1AD8FC2BAF7BFB00C85A54 /* DessertRepository.swift in Sources */,
				DE3EF6EE2BAD341700F3A996 /* ViewControllerContainment.swift in Sources */,
				DE566A542BAF666400DABE30 /* RequestConfiguration.swift in Sources */,
				DE3EF6E02BAD25D400F3A996 /* LaunchViewModel.swift in Sources */,
				DE3EF6F02BAD344B00F3A996 /* WithConfigurable.swift in Sources */,
				DE6B09F12BAE77DA0044D020 /* DessertDetailsViewModel.swift in Sources */,
				DE6B09EF2BAE77CA0044D020 /* DessertDetailsView.swift in Sources */,
				DE3EF6F92BADD69700F3A996 /* HomeDependencyContainer.swift in Sources */,
				DE3EF6D42BACD1D700F3A996 /* NiblessViewController.swift in Sources */,
				DE566A5E2BAF785300DABE30 /* DessertService.swift in Sources */,
				DEBC63572BB1B05A0072CE0D /* ScreenStateProtocol.swift in Sources */,
				DE3EF6DE2BAD25CA00F3A996 /* LaunchDependencyContainer.swift in Sources */,
				DE3EF6EA2BAD33DE00F3A996 /* UINavigationController+PopToViewController.swift in Sources */,
				DE6B09ED2BAE76470044D020 /* HomeRootViewModel.swift in Sources */,
			);
			runOnlyForDeploymentPostprocessing = 0;
		};
		DE3EF69D2BAC475000F3A996 /* Sources */ = {
			isa = PBXSourcesBuildPhase;
			buildActionMask = 2147483647;
			files = (
				DE3EF6A62BAC475000F3A996 /* DessertDelightsTests.swift in Sources */,
				DEBC635D2BB1F70E0072CE0D /* Bundle+UnitTest.swift in Sources */,
				DEE06F3A2BB25B77000F11FA /* MainDessertRepositorySpy.swift in Sources */,
				DE1AD9092BB0AD7100C85A54 /* HomeRootViewModel_Tests.swift in Sources */,
				DE6FC7E12BB245A900D64CE1 /* SpyDessertService.swift in Sources */,
				DEBC63652BB233870072CE0D /* AsyncTest+UnitTest.swift in Sources */,
				DEBC63612BB20B080072CE0D /* DessertDelightsDessertApiSpy.swift in Sources */,
				DEBC635F2BB205850072CE0D /* MainDessertRepositorySpy_Tests.swift in Sources */,
				DEE06F382BB25AC4000F11FA /* GetAllDessertsUseCase_Tests.swift in Sources */,
			);
			runOnlyForDeploymentPostprocessing = 0;
		};
		DE3EF6A72BAC475000F3A996 /* Sources */ = {
			isa = PBXSourcesBuildPhase;
			buildActionMask = 2147483647;
			files = (
				DE3EF6B02BAC475000F3A996 /* DessertDelightsUITests.swift in Sources */,
				DE3EF6B22BAC475000F3A996 /* DessertDelightsUITestsLaunchTests.swift in Sources */,
			);
			runOnlyForDeploymentPostprocessing = 0;
		};
/* End PBXSourcesBuildPhase section */

/* Begin PBXTargetDependency section */
		DE3EF6A32BAC475000F3A996 /* PBXTargetDependency */ = {
			isa = PBXTargetDependency;
			target = DE3EF6902BAC474F00F3A996 /* DessertDelights */;
			targetProxy = DE3EF6A22BAC475000F3A996 /* PBXContainerItemProxy */;
		};
		DE3EF6AD2BAC475000F3A996 /* PBXTargetDependency */ = {
			isa = PBXTargetDependency;
			target = DE3EF6902BAC474F00F3A996 /* DessertDelights */;
			targetProxy = DE3EF6AC2BAC475000F3A996 /* PBXContainerItemProxy */;
		};
/* End PBXTargetDependency section */

/* Begin XCBuildConfiguration section */
		DE3EF6B32BAC475000F3A996 /* Debug */ = {
			isa = XCBuildConfiguration;
			buildSettings = {
				ALWAYS_SEARCH_USER_PATHS = NO;
				ASSETCATALOG_COMPILER_GENERATE_SWIFT_ASSET_SYMBOL_EXTENSIONS = YES;
				CLANG_ANALYZER_NONNULL = YES;
				CLANG_ANALYZER_NUMBER_OBJECT_CONVERSION = YES_AGGRESSIVE;
				CLANG_CXX_LANGUAGE_STANDARD = "gnu++20";
				CLANG_ENABLE_MODULES = YES;
				CLANG_ENABLE_OBJC_ARC = YES;
				CLANG_ENABLE_OBJC_WEAK = YES;
				CLANG_WARN_BLOCK_CAPTURE_AUTORELEASING = YES;
				CLANG_WARN_BOOL_CONVERSION = YES;
				CLANG_WARN_COMMA = YES;
				CLANG_WARN_CONSTANT_CONVERSION = YES;
				CLANG_WARN_DEPRECATED_OBJC_IMPLEMENTATIONS = YES;
				CLANG_WARN_DIRECT_OBJC_ISA_USAGE = YES_ERROR;
				CLANG_WARN_DOCUMENTATION_COMMENTS = YES;
				CLANG_WARN_EMPTY_BODY = YES;
				CLANG_WARN_ENUM_CONVERSION = YES;
				CLANG_WARN_INFINITE_RECURSION = YES;
				CLANG_WARN_INT_CONVERSION = YES;
				CLANG_WARN_NON_LITERAL_NULL_CONVERSION = YES;
				CLANG_WARN_OBJC_IMPLICIT_RETAIN_SELF = YES;
				CLANG_WARN_OBJC_LITERAL_CONVERSION = YES;
				CLANG_WARN_OBJC_ROOT_CLASS = YES_ERROR;
				CLANG_WARN_QUOTED_INCLUDE_IN_FRAMEWORK_HEADER = YES;
				CLANG_WARN_RANGE_LOOP_ANALYSIS = YES;
				CLANG_WARN_STRICT_PROTOTYPES = YES;
				CLANG_WARN_SUSPICIOUS_MOVE = YES;
				CLANG_WARN_UNGUARDED_AVAILABILITY = YES_AGGRESSIVE;
				CLANG_WARN_UNREACHABLE_CODE = YES;
				CLANG_WARN__DUPLICATE_METHOD_MATCH = YES;
				COPY_PHASE_STRIP = NO;
				DEBUG_INFORMATION_FORMAT = dwarf;
				ENABLE_STRICT_OBJC_MSGSEND = YES;
				ENABLE_TESTABILITY = YES;
				ENABLE_USER_SCRIPT_SANDBOXING = YES;
				GCC_C_LANGUAGE_STANDARD = gnu17;
				GCC_DYNAMIC_NO_PIC = NO;
				GCC_NO_COMMON_BLOCKS = YES;
				GCC_OPTIMIZATION_LEVEL = 0;
				GCC_PREPROCESSOR_DEFINITIONS = (
					"DEBUG=1",
					"$(inherited)",
				);
				GCC_WARN_64_TO_32_BIT_CONVERSION = YES;
				GCC_WARN_ABOUT_RETURN_TYPE = YES_ERROR;
				GCC_WARN_UNDECLARED_SELECTOR = YES;
				GCC_WARN_UNINITIALIZED_AUTOS = YES_AGGRESSIVE;
				GCC_WARN_UNUSED_FUNCTION = YES;
				GCC_WARN_UNUSED_VARIABLE = YES;
				IPHONEOS_DEPLOYMENT_TARGET = 17.0;
				LOCALIZATION_PREFERS_STRING_CATALOGS = YES;
				MTL_ENABLE_DEBUG_INFO = INCLUDE_SOURCE;
				MTL_FAST_MATH = YES;
				ONLY_ACTIVE_ARCH = YES;
				SDKROOT = iphoneos;
				SWIFT_ACTIVE_COMPILATION_CONDITIONS = "DEBUG $(inherited)";
				SWIFT_OPTIMIZATION_LEVEL = "-Onone";
			};
			name = Debug;
		};
		DE3EF6B42BAC475000F3A996 /* Release */ = {
			isa = XCBuildConfiguration;
			buildSettings = {
				ALWAYS_SEARCH_USER_PATHS = NO;
				ASSETCATALOG_COMPILER_GENERATE_SWIFT_ASSET_SYMBOL_EXTENSIONS = YES;
				CLANG_ANALYZER_NONNULL = YES;
				CLANG_ANALYZER_NUMBER_OBJECT_CONVERSION = YES_AGGRESSIVE;
				CLANG_CXX_LANGUAGE_STANDARD = "gnu++20";
				CLANG_ENABLE_MODULES = YES;
				CLANG_ENABLE_OBJC_ARC = YES;
				CLANG_ENABLE_OBJC_WEAK = YES;
				CLANG_WARN_BLOCK_CAPTURE_AUTORELEASING = YES;
				CLANG_WARN_BOOL_CONVERSION = YES;
				CLANG_WARN_COMMA = YES;
				CLANG_WARN_CONSTANT_CONVERSION = YES;
				CLANG_WARN_DEPRECATED_OBJC_IMPLEMENTATIONS = YES;
				CLANG_WARN_DIRECT_OBJC_ISA_USAGE = YES_ERROR;
				CLANG_WARN_DOCUMENTATION_COMMENTS = YES;
				CLANG_WARN_EMPTY_BODY = YES;
				CLANG_WARN_ENUM_CONVERSION = YES;
				CLANG_WARN_INFINITE_RECURSION = YES;
				CLANG_WARN_INT_CONVERSION = YES;
				CLANG_WARN_NON_LITERAL_NULL_CONVERSION = YES;
				CLANG_WARN_OBJC_IMPLICIT_RETAIN_SELF = YES;
				CLANG_WARN_OBJC_LITERAL_CONVERSION = YES;
				CLANG_WARN_OBJC_ROOT_CLASS = YES_ERROR;
				CLANG_WARN_QUOTED_INCLUDE_IN_FRAMEWORK_HEADER = YES;
				CLANG_WARN_RANGE_LOOP_ANALYSIS = YES;
				CLANG_WARN_STRICT_PROTOTYPES = YES;
				CLANG_WARN_SUSPICIOUS_MOVE = YES;
				CLANG_WARN_UNGUARDED_AVAILABILITY = YES_AGGRESSIVE;
				CLANG_WARN_UNREACHABLE_CODE = YES;
				CLANG_WARN__DUPLICATE_METHOD_MATCH = YES;
				COPY_PHASE_STRIP = NO;
				DEBUG_INFORMATION_FORMAT = "dwarf-with-dsym";
				ENABLE_NS_ASSERTIONS = NO;
				ENABLE_STRICT_OBJC_MSGSEND = YES;
				ENABLE_USER_SCRIPT_SANDBOXING = YES;
				GCC_C_LANGUAGE_STANDARD = gnu17;
				GCC_NO_COMMON_BLOCKS = YES;
				GCC_WARN_64_TO_32_BIT_CONVERSION = YES;
				GCC_WARN_ABOUT_RETURN_TYPE = YES_ERROR;
				GCC_WARN_UNDECLARED_SELECTOR = YES;
				GCC_WARN_UNINITIALIZED_AUTOS = YES_AGGRESSIVE;
				GCC_WARN_UNUSED_FUNCTION = YES;
				GCC_WARN_UNUSED_VARIABLE = YES;
				IPHONEOS_DEPLOYMENT_TARGET = 17.0;
				LOCALIZATION_PREFERS_STRING_CATALOGS = YES;
				MTL_ENABLE_DEBUG_INFO = NO;
				MTL_FAST_MATH = YES;
				SDKROOT = iphoneos;
				SWIFT_COMPILATION_MODE = wholemodule;
				VALIDATE_PRODUCT = YES;
			};
			name = Release;
		};
		DE3EF6B62BAC475000F3A996 /* Debug */ = {
			isa = XCBuildConfiguration;
			buildSettings = {
				ASSETCATALOG_COMPILER_APPICON_NAME = AppIcon;
				ASSETCATALOG_COMPILER_GLOBAL_ACCENT_COLOR_NAME = AccentColor;
				CODE_SIGN_STYLE = Automatic;
				CURRENT_PROJECT_VERSION = 1;
				DEVELOPMENT_ASSET_PATHS = "\"DessertDelights/Preview Content\"";
				DEVELOPMENT_TEAM = 6Q2HZQBJG7;
				ENABLE_PREVIEWS = YES;
				GENERATE_INFOPLIST_FILE = YES;
				INFOPLIST_FILE = DessertDelights/Info.plist;
				INFOPLIST_KEY_UIApplicationSupportsIndirectInputEvents = YES;
				INFOPLIST_KEY_UISupportedInterfaceOrientations_iPad = "UIInterfaceOrientationPortrait UIInterfaceOrientationPortraitUpsideDown UIInterfaceOrientationLandscapeLeft UIInterfaceOrientationLandscapeRight";
				INFOPLIST_KEY_UISupportedInterfaceOrientations_iPhone = "UIInterfaceOrientationPortrait UIInterfaceOrientationLandscapeLeft UIInterfaceOrientationLandscapeRight";
				IPHONEOS_DEPLOYMENT_TARGET = 15.0;
				LD_RUNPATH_SEARCH_PATHS = (
					"$(inherited)",
					"@executable_path/Frameworks",
				);
				MARKETING_VERSION = 1.0;
				PRODUCT_BUNDLE_IDENTIFIER = mostafa.mahmoud.co.DessertDelights;
				PRODUCT_NAME = "$(TARGET_NAME)";
				SUPPORTED_PLATFORMS = "iphoneos iphonesimulator";
				SUPPORTS_MACCATALYST = NO;
				SUPPORTS_MAC_DESIGNED_FOR_IPHONE_IPAD = NO;
				SWIFT_EMIT_LOC_STRINGS = YES;
				SWIFT_VERSION = 5.0;
				TARGETED_DEVICE_FAMILY = 1;
			};
			name = Debug;
		};
		DE3EF6B72BAC475000F3A996 /* Release */ = {
			isa = XCBuildConfiguration;
			buildSettings = {
				ASSETCATALOG_COMPILER_APPICON_NAME = AppIcon;
				ASSETCATALOG_COMPILER_GLOBAL_ACCENT_COLOR_NAME = AccentColor;
				CODE_SIGN_STYLE = Automatic;
				CURRENT_PROJECT_VERSION = 1;
				DEVELOPMENT_ASSET_PATHS = "\"DessertDelights/Preview Content\"";
				DEVELOPMENT_TEAM = 6Q2HZQBJG7;
				ENABLE_PREVIEWS = YES;
				GENERATE_INFOPLIST_FILE = YES;
				INFOPLIST_FILE = DessertDelights/Info.plist;
				INFOPLIST_KEY_UIApplicationSupportsIndirectInputEvents = YES;
				INFOPLIST_KEY_UISupportedInterfaceOrientations_iPad = "UIInterfaceOrientationPortrait UIInterfaceOrientationPortraitUpsideDown UIInterfaceOrientationLandscapeLeft UIInterfaceOrientationLandscapeRight";
				INFOPLIST_KEY_UISupportedInterfaceOrientations_iPhone = "UIInterfaceOrientationPortrait UIInterfaceOrientationLandscapeLeft UIInterfaceOrientationLandscapeRight";
				IPHONEOS_DEPLOYMENT_TARGET = 15.0;
				LD_RUNPATH_SEARCH_PATHS = (
					"$(inherited)",
					"@executable_path/Frameworks",
				);
				MARKETING_VERSION = 1.0;
				PRODUCT_BUNDLE_IDENTIFIER = mostafa.mahmoud.co.DessertDelights;
				PRODUCT_NAME = "$(TARGET_NAME)";
				SUPPORTED_PLATFORMS = "iphoneos iphonesimulator";
				SUPPORTS_MACCATALYST = NO;
				SUPPORTS_MAC_DESIGNED_FOR_IPHONE_IPAD = NO;
				SWIFT_EMIT_LOC_STRINGS = YES;
				SWIFT_VERSION = 5.0;
				TARGETED_DEVICE_FAMILY = 1;
			};
			name = Release;
		};
		DE3EF6B92BAC475000F3A996 /* Debug */ = {
			isa = XCBuildConfiguration;
			buildSettings = {
				ALWAYS_EMBED_SWIFT_STANDARD_LIBRARIES = YES;
				BUNDLE_LOADER = "$(TEST_HOST)";
				CODE_SIGN_STYLE = Automatic;
				CURRENT_PROJECT_VERSION = 1;
				DEVELOPMENT_TEAM = FHTKKF56J6;
				GENERATE_INFOPLIST_FILE = YES;
				IPHONEOS_DEPLOYMENT_TARGET = 17.0;
				MARKETING_VERSION = 1.0;
				PRODUCT_BUNDLE_IDENTIFIER = mostafa.co.DessertDelightsTests;
				PRODUCT_NAME = "$(TARGET_NAME)";
				SWIFT_EMIT_LOC_STRINGS = NO;
				SWIFT_VERSION = 5.0;
				TARGETED_DEVICE_FAMILY = "1,2";
				TEST_HOST = "$(BUILT_PRODUCTS_DIR)/DessertDelights.app/$(BUNDLE_EXECUTABLE_FOLDER_PATH)/DessertDelights";
			};
			name = Debug;
		};
		DE3EF6BA2BAC475000F3A996 /* Release */ = {
			isa = XCBuildConfiguration;
			buildSettings = {
				ALWAYS_EMBED_SWIFT_STANDARD_LIBRARIES = YES;
				BUNDLE_LOADER = "$(TEST_HOST)";
				CODE_SIGN_STYLE = Automatic;
				CURRENT_PROJECT_VERSION = 1;
				DEVELOPMENT_TEAM = FHTKKF56J6;
				GENERATE_INFOPLIST_FILE = YES;
				IPHONEOS_DEPLOYMENT_TARGET = 17.0;
				MARKETING_VERSION = 1.0;
				PRODUCT_BUNDLE_IDENTIFIER = mostafa.co.DessertDelightsTests;
				PRODUCT_NAME = "$(TARGET_NAME)";
				SWIFT_EMIT_LOC_STRINGS = NO;
				SWIFT_VERSION = 5.0;
				TARGETED_DEVICE_FAMILY = "1,2";
				TEST_HOST = "$(BUILT_PRODUCTS_DIR)/DessertDelights.app/$(BUNDLE_EXECUTABLE_FOLDER_PATH)/DessertDelights";
			};
			name = Release;
		};
		DE3EF6BC2BAC475000F3A996 /* Debug */ = {
			isa = XCBuildConfiguration;
			buildSettings = {
				ALWAYS_EMBED_SWIFT_STANDARD_LIBRARIES = YES;
				CODE_SIGN_STYLE = Automatic;
				CURRENT_PROJECT_VERSION = 1;
				DEVELOPMENT_TEAM = FHTKKF56J6;
				GENERATE_INFOPLIST_FILE = YES;
				MARKETING_VERSION = 1.0;
				PRODUCT_BUNDLE_IDENTIFIER = mostafa.co.DessertDelightsUITests;
				PRODUCT_NAME = "$(TARGET_NAME)";
				SWIFT_EMIT_LOC_STRINGS = NO;
				SWIFT_VERSION = 5.0;
				TARGETED_DEVICE_FAMILY = "1,2";
				TEST_TARGET_NAME = DessertDelights;
			};
			name = Debug;
		};
		DE3EF6BD2BAC475000F3A996 /* Release */ = {
			isa = XCBuildConfiguration;
			buildSettings = {
				ALWAYS_EMBED_SWIFT_STANDARD_LIBRARIES = YES;
				CODE_SIGN_STYLE = Automatic;
				CURRENT_PROJECT_VERSION = 1;
				DEVELOPMENT_TEAM = FHTKKF56J6;
				GENERATE_INFOPLIST_FILE = YES;
				MARKETING_VERSION = 1.0;
				PRODUCT_BUNDLE_IDENTIFIER = mostafa.co.DessertDelightsUITests;
				PRODUCT_NAME = "$(TARGET_NAME)";
				SWIFT_EMIT_LOC_STRINGS = NO;
				SWIFT_VERSION = 5.0;
				TARGETED_DEVICE_FAMILY = "1,2";
				TEST_TARGET_NAME = DessertDelights;
			};
			name = Release;
		};
/* End XCBuildConfiguration section */

/* Begin XCConfigurationList section */
		DE3EF68C2BAC474F00F3A996 /* Build configuration list for PBXProject "DessertDelights" */ = {
			isa = XCConfigurationList;
			buildConfigurations = (
				DE3EF6B32BAC475000F3A996 /* Debug */,
				DE3EF6B42BAC475000F3A996 /* Release */,
			);
			defaultConfigurationIsVisible = 0;
			defaultConfigurationName = Release;
		};
		DE3EF6B52BAC475000F3A996 /* Build configuration list for PBXNativeTarget "DessertDelights" */ = {
			isa = XCConfigurationList;
			buildConfigurations = (
				DE3EF6B62BAC475000F3A996 /* Debug */,
				DE3EF6B72BAC475000F3A996 /* Release */,
			);
			defaultConfigurationIsVisible = 0;
			defaultConfigurationName = Release;
		};
		DE3EF6B82BAC475000F3A996 /* Build configuration list for PBXNativeTarget "DessertDelightsTests" */ = {
			isa = XCConfigurationList;
			buildConfigurations = (
				DE3EF6B92BAC475000F3A996 /* Debug */,
				DE3EF6BA2BAC475000F3A996 /* Release */,
			);
			defaultConfigurationIsVisible = 0;
			defaultConfigurationName = Release;
		};
		DE3EF6BB2BAC475000F3A996 /* Build configuration list for PBXNativeTarget "DessertDelightsUITests" */ = {
			isa = XCConfigurationList;
			buildConfigurations = (
				DE3EF6BC2BAC475000F3A996 /* Debug */,
				DE3EF6BD2BAC475000F3A996 /* Release */,
			);
			defaultConfigurationIsVisible = 0;
			defaultConfigurationName = Release;
		};
/* End XCConfigurationList section */

/* Begin XCRemoteSwiftPackageReference section */
		DE566A4F2BAF65DC00DABE30 /* XCRemoteSwiftPackageReference "Alamofire" */ = {
			isa = XCRemoteSwiftPackageReference;
			repositoryURL = "https://github.com/Alamofire/Alamofire";
			requirement = {
				kind = upToNextMajorVersion;
				minimumVersion = 5.9.0;
			};
		};
/* End XCRemoteSwiftPackageReference section */

/* Begin XCSwiftPackageProductDependency section */
		DE566A512BAF663B00DABE30 /* Alamofire */ = {
			isa = XCSwiftPackageProductDependency;
			package = DE566A4F2BAF65DC00DABE30 /* XCRemoteSwiftPackageReference "Alamofire" */;
			productName = Alamofire;
		};
		DE566A592BAF675C00DABE30 /* AlamofireDynamic */ = {
			isa = XCSwiftPackageProductDependency;
			package = DE566A4F2BAF65DC00DABE30 /* XCRemoteSwiftPackageReference "Alamofire" */;
			productName = AlamofireDynamic;
		};
/* End XCSwiftPackageProductDependency section */
	};
	rootObject = DE3EF6892BAC474F00F3A996 /* Project object */;
}
